
Microsoft Visual Studio Solution File, Format Version 12.00
# Visual Studio 2012
Project("{FAE04EC0-301F-11D3-BF4B-00C04F79EFBC}") = "TESTKINCO", "TESTKINCO\TESTKINCO.csproj", "{1E92D4CA-2255-4F4E-B6C2-3214B27FE129}"
EndProject
Global
	GlobalSection(SolutionConfigurationPlatforms) = preSolution
		Debug|Any CPU = Debug|Any CPU
		Release|Any CPU = Release|Any CPU
	EndGlobalSection
	GlobalSection(ProjectConfigurationPlatforms) = postSolution
		{1E92D4CA-2255-4F4E-B6C2-3214B27FE129}.Debug|Any CPU.ActiveCfg = Debug|Any CPU
		{1E92D4CA-2255-4F4E-B6C2-3214B27FE129}.Debug|Any CPU.Build.0 = Debug|Any CPU
		{1E92D4CA-2255-4F4E-B6C2-3214B27FE129}.Release|Any CPU.ActiveCfg = Release|Any CPU
		{1E92D4CA-2255-4F4E-B6C2-3214B27FE129}.Release|Any CPU.Build.0 = Release|Any CPU
	EndGlobalSection
	GlobalSection(SolutionProperties) = preSolution
		HideSolutionNode = FALSE
	EndGlobalSection
EndGlobal
